
Microsoft Visual Studio Solution File, Format Version 12.00
# Visual Studio Version 17
VisualStudioVersion = 17.3.32825.248
MinimumVisualStudioVersion = 10.0.40219.1
Project("{FAE04EC0-301F-11D3-BF4B-00C04F79EFBC}") = "ScopeOfAPI", "ScopeOfAPI.csproj", "{60FFAE2C-301C-4A9E-954D-7A7693A31E55}"
EndProject
Global
	GlobalSection(SolutionConfigurationPlatforms) = preSolution
		Debug|Any CPU = Debug|Any CPU
		Release|Any CPU = Release|Any CPU
	EndGlobalSection
	GlobalSection(ProjectConfigurationPlatforms) = postSolution
		{60FFAE2C-301C-4A9E-954D-7A7693A31E55}.Debug|Any CPU.ActiveCfg = Debug|Any CPU
		{60FFAE2C-301C-4A9E-954D-7A7693A31E55}.Debug|Any CPU.Build.0 = Debug|Any CPU
		{60FFAE2C-301C-4A9E-954D-7A7693A31E55}.Release|Any CPU.ActiveCfg = Release|Any CPU
		{60FFAE2C-301C-4A9E-954D-7A7693A31E55}.Release|Any CPU.Build.0 = Release|Any CPU
	EndGlobalSection
	GlobalSection(SolutionProperties) = preSolution
		HideSolutionNode = FALSE
	EndGlobalSection
	GlobalSection(ExtensibilityGlobals) = postSolution
		SolutionGuid = {25060122-7554-4872-AB3B-87C065EF7C26}
	EndGlobalSection
EndGlobal
